{
  "name": "rapiddex-contracts",
  "lockfileVersion": 3,
  "requires": true,
  "packages": {
    "": {
      "name": "rapiddex-contracts",
      "devDependencies": {
        "js-sha3": "^0.13.0"
      }
    },
    "node_modules/js-sha3": {
      "version": "0.13.0",
      "resolved": "https://registry.npmjs.org/js-sha3/-/js-sha3-0.13.0.tgz",
      "integrity": "sha512-v2qy9Guw8XMOYFauObtG1kXLfut7AcSRgBP2rq4R14gVFAO2fW5kjcHcPWkA2IUDbY0cGGZypDMUuP/kkbvNGw==",
      "dev": true,
      "license": "MIT"
    }
  }
}
